
Microsoft Visual Studio Solution File, Format Version 12.00
# Visual Studio Version 16
VisualStudioVersion = 16.0.30907.101
MinimumVisualStudioVersion = 10.0.40219.1
Project("{00D1A9C2-B5F0-4AF3-8072-F6C62B433612}") = "SqlDb", "SqlDb\SqlDb.sqlproj", "{2CA07C67-3585-4DE1-832B-69C8B489DD38}"
EndProject
Global
	GlobalSection(SolutionConfigurationPlatforms) = preSolution
		Debug|Any CPU = Debug|Any CPU
		Release|Any CPU = Release|Any CPU
	EndGlobalSection
	GlobalSection(ProjectConfigurationPlatforms) = postSolution
		{2CA07C67-3585-4DE1-832B-69C8B489DD38}.Debug|Any CPU.ActiveCfg = Debug|Any CPU
		{2CA07C67-3585-4DE1-832B-69C8B489DD38}.Debug|Any CPU.Build.0 = Debug|Any CPU
		{2CA07C67-3585-4DE1-832B-69C8B489DD38}.Debug|Any CPU.Deploy.0 = Debug|Any CPU
		{2CA07C67-3585-4DE1-832B-69C8B489DD38}.Release|Any CPU.ActiveCfg = Release|Any CPU
		{2CA07C67-3585-4DE1-832B-69C8B489DD38}.Release|Any CPU.Build.0 = Release|Any CPU
		{2CA07C67-3585-4DE1-832B-69C8B489DD38}.Release|Any CPU.Deploy.0 = Release|Any CPU
	EndGlobalSection
	GlobalSection(SolutionProperties) = preSolution
		HideSolutionNode = FALSE
	EndGlobalSection
	GlobalSection(ExtensibilityGlobals) = postSolution
		SolutionGuid = {32C0FBAB-DCC8-4CE8-A660-C79E5E1D4233}
	EndGlobalSection
EndGlobal
